
Microsoft Visual Studio Solution File, Format Version 12.00
# Visual Studio Version 16
VisualStudioVersion = 16.0.30413.136
MinimumVisualStudioVersion = 10.0.40219.1
Project("{FAE04EC0-301F-11D3-BF4B-00C04F79EFBC}") = "F1Solutions.InfrastructureStatistics.ApiCalls", "RetrieveApiKeys\F1Solutions.InfrastructureStatistics.ApiCalls.csproj", "{9D8F6E74-0892-4E55-9BEC-F4B1477267BD}"
EndProject
Project("{FAE04EC0-301F-11D3-BF4B-00C04F79EFBC}") = "F1Solutions.InfrastructureStatistics.DataAccess", "DataAccess\F1Solutions.InfrastructureStatistics.DataAccess.csproj", "{E1A1E291-81A0-4D2A-BB88-657B736EC6F0}"
EndProject
Project("{FAE04EC0-301F-11D3-BF4B-00C04F79EFBC}") = "F1Solutions.InfrastructureStatistics.Services", "F1.Solutions.Service\F1Solutions.InfrastructureStatistics.Services.csproj", "{2CDFBDC7-8AAD-406E-A784-0B11A75277BD}"
EndProject
Project("{FAE04EC0-301F-11D3-BF4B-00C04F79EFBC}") = "F1Solutions.InfrastructureStatistics.HourlyStatisticsWindowsService", "F1Solutions.InfrastructureStatistics.StatisticsWindowsService\F1Solutions.InfrastructureStatistics.HourlyStatisticsWindowsService.csproj", "{62E3D5A3-D75E-479A-8519-315F0F8C3518}"
EndProject
Project("{FAE04EC0-301F-11D3-BF4B-00C04F79EFBC}") = "F1Solutions.InfrastructureStatistics.MonthlyStatisticsWindowsService", "F1Solutions.InfrastructureStatistics.MonthlyStatisticsWindowsService\F1Solutions.InfrastructureStatistics.MonthlyStatisticsWindowsService.csproj", "{3E8577E3-5EF1-46DB-9C87-74D4B256E78E}"
EndProject
Project("{54435603-DBB4-11D2-8724-00A0C9A8B90C}") = "Hourly Statistics Service Installer", "Hourly Service Setup\Hourly Service Setup.vdproj", "{731DA73D-C520-41B6-AECC-F3833D5EC8B4}"
EndProject
Project("{54435603-DBB4-11D2-8724-00A0C9A8B90C}") = "Monthly Statictics Service Installer", "Monthly Service Setup\Monthly Service Setup.vdproj", "{6320AB5A-EB65-4240-B352-4F6E9E162E02}"
EndProject
Global
	GlobalSection(SolutionConfigurationPlatforms) = preSolution
		Debug|Any CPU = Debug|Any CPU
		Debug|x64 = Debug|x64
		Release|Any CPU = Release|Any CPU
		Release|x64 = Release|x64
	EndGlobalSection
	GlobalSection(ProjectConfigurationPlatforms) = postSolution
		{9D8F6E74-0892-4E55-9BEC-F4B1477267BD}.Debug|Any CPU.ActiveCfg = Debug|Any CPU
		{9D8F6E74-0892-4E55-9BEC-F4B1477267BD}.Debug|Any CPU.Build.0 = Debug|Any CPU
		{9D8F6E74-0892-4E55-9BEC-F4B1477267BD}.Debug|x64.ActiveCfg = Debug|x64
		{9D8F6E74-0892-4E55-9BEC-F4B1477267BD}.Debug|x64.Build.0 = Debug|x64
		{9D8F6E74-0892-4E55-9BEC-F4B1477267BD}.Release|Any CPU.ActiveCfg = Release|Any CPU
		{9D8F6E74-0892-4E55-9BEC-F4B1477267BD}.Release|Any CPU.Build.0 = Release|Any CPU
		{9D8F6E74-0892-4E55-9BEC-F4B1477267BD}.Release|x64.ActiveCfg = Release|x64
		{9D8F6E74-0892-4E55-9BEC-F4B1477267BD}.Release|x64.Build.0 = Release|x64
		{E1A1E291-81A0-4D2A-BB88-657B736EC6F0}.Debug|Any CPU.ActiveCfg = Debug|Any CPU
		{E1A1E291-81A0-4D2A-BB88-657B736EC6F0}.Debug|Any CPU.Build.0 = Debug|Any CPU
		{E1A1E291-81A0-4D2A-BB88-657B736EC6F0}.Debug|x64.ActiveCfg = Debug|x64
		{E1A1E291-81A0-4D2A-BB88-657B736EC6F0}.Debug|x64.Build.0 = Debug|x64
		{E1A1E291-81A0-4D2A-BB88-657B736EC6F0}.Release|Any CPU.ActiveCfg = Release|Any CPU
		{E1A1E291-81A0-4D2A-BB88-657B736EC6F0}.Release|Any CPU.Build.0 = Release|Any CPU
		{E1A1E291-81A0-4D2A-BB88-657B736EC6F0}.Release|x64.ActiveCfg = Release|x64
		{E1A1E291-81A0-4D2A-BB88-657B736EC6F0}.Release|x64.Build.0 = Release|x64
		{2CDFBDC7-8AAD-406E-A784-0B11A75277BD}.Debug|Any CPU.ActiveCfg = Debug|Any CPU
		{2CDFBDC7-8AAD-406E-A784-0B11A75277BD}.Debug|Any CPU.Build.0 = Debug|Any CPU
		{2CDFBDC7-8AAD-406E-A784-0B11A75277BD}.Debug|x64.ActiveCfg = Debug|x64
		{2CDFBDC7-8AAD-406E-A784-0B11A75277BD}.Debug|x64.Build.0 = Debug|x64
		{2CDFBDC7-8AAD-406E-A784-0B11A75277BD}.Release|Any CPU.ActiveCfg = Release|Any CPU
		{2CDFBDC7-8AAD-406E-A784-0B11A75277BD}.Release|Any CPU.Build.0 = Release|Any CPU
		{2CDFBDC7-8AAD-406E-A784-0B11A75277BD}.Release|x64.ActiveCfg = Release|x64
		{2CDFBDC7-8AAD-406E-A784-0B11A75277BD}.Release|x64.Build.0 = Release|x64
		{62E3D5A3-D75E-479A-8519-315F0F8C3518}.Debug|Any CPU.ActiveCfg = Debug|Any CPU
		{62E3D5A3-D75E-479A-8519-315F0F8C3518}.Debug|Any CPU.Build.0 = Debug|Any CPU
		{62E3D5A3-D75E-479A-8519-315F0F8C3518}.Debug|x64.ActiveCfg = Debug|x64
		{62E3D5A3-D75E-479A-8519-315F0F8C3518}.Debug|x64.Build.0 = Debug|x64
		{62E3D5A3-D75E-479A-8519-315F0F8C3518}.Release|Any CPU.ActiveCfg = Release|Any CPU
		{62E3D5A3-D75E-479A-8519-315F0F8C3518}.Release|Any CPU.Build.0 = Release|Any CPU
		{62E3D5A3-D75E-479A-8519-315F0F8C3518}.Release|x64.ActiveCfg = Release|x64
		{62E3D5A3-D75E-479A-8519-315F0F8C3518}.Release|x64.Build.0 = Release|x64
		{3E8577E3-5EF1-46DB-9C87-74D4B256E78E}.Debug|Any CPU.ActiveCfg = Debug|Any CPU
		{3E8577E3-5EF1-46DB-9C87-74D4B256E78E}.Debug|Any CPU.Build.0 = Debug|Any CPU
		{3E8577E3-5EF1-46DB-9C87-74D4B256E78E}.Debug|x64.ActiveCfg = Debug|x64
		{3E8577E3-5EF1-46DB-9C87-74D4B256E78E}.Debug|x64.Build.0 = Debug|x64
		{3E8577E3-5EF1-46DB-9C87-74D4B256E78E}.Release|Any CPU.ActiveCfg = Release|Any CPU
		{3E8577E3-5EF1-46DB-9C87-74D4B256E78E}.Release|Any CPU.Build.0 = Release|Any CPU
		{3E8577E3-5EF1-46DB-9C87-74D4B256E78E}.Release|x64.ActiveCfg = Release|x64
		{3E8577E3-5EF1-46DB-9C87-74D4B256E78E}.Release|x64.Build.0 = Release|x64
		{731DA73D-C520-41B6-AECC-F3833D5EC8B4}.Debug|Any CPU.ActiveCfg = Debug
		{731DA73D-C520-41B6-AECC-F3833D5EC8B4}.Debug|x64.ActiveCfg = Debug
		{731DA73D-C520-41B6-AECC-F3833D5EC8B4}.Debug|x64.Build.0 = Debug
		{731DA73D-C520-41B6-AECC-F3833D5EC8B4}.Release|Any CPU.ActiveCfg = Release
		{731DA73D-C520-41B6-AECC-F3833D5EC8B4}.Release|x64.ActiveCfg = Release
		{731DA73D-C520-41B6-AECC-F3833D5EC8B4}.Release|x64.Build.0 = Release
		{6320AB5A-EB65-4240-B352-4F6E9E162E02}.Debug|Any CPU.ActiveCfg = Debug
		{6320AB5A-EB65-4240-B352-4F6E9E162E02}.Debug|x64.ActiveCfg = Debug
		{6320AB5A-EB65-4240-B352-4F6E9E162E02}.Debug|x64.Build.0 = Debug
		{6320AB5A-EB65-4240-B352-4F6E9E162E02}.Release|Any CPU.ActiveCfg = Release
		{6320AB5A-EB65-4240-B352-4F6E9E162E02}.Release|x64.ActiveCfg = Release
		{6320AB5A-EB65-4240-B352-4F6E9E162E02}.Release|x64.Build.0 = Release
	EndGlobalSection
	GlobalSection(SolutionProperties) = preSolution
		HideSolutionNode = FALSE
	EndGlobalSection
	GlobalSection(ExtensibilityGlobals) = postSolution
		SolutionGuid = {790C9AC4-D76A-4A2E-85A8-16156BDC1B21}
	EndGlobalSection
EndGlobal
